header:
    version: 14
overrides:
    repos:
        oe-core:
            commit: db81c1a42a0f552d9a8ec124f004ae2063d58c33
        bitbake:
            commit: 18cca50ba3da5ce27bc674478957bb08e7536b9a
        meta-arm:
            commit: b0ff16aba48a197070daff28ef7ad67067fd3d88
        meta-openembedded:
            commit: 8b1d948deee701859ece9f007cb09965f5e00680
        meta-virtualization:
            commit: f45cc3787c11d040dbef8e7f956a4da420375829
        meta-audioreach:
            commit: c25274a1bf08e0a508f575f4ae0bcabb405329e7
        meta-selinux:
            commit: 7351443c6579671bcf048817438f1740ad23eaab
        meta-updater:
            commit: 3f79539a8e1250c46d824b3af2415b9add945161
        meta-security:
            commit: 0339b65f63877ed36fcffa44953e57c3bb969ca9
        meta-dpdk:
            commit: 6a59b0cd21084e33feb53b4f2d1310e49e1d4a83
        meta-ai:
            commit: 3511d6c9669683fc232211eb72e1549d6db6e660
